
Microsoft Visual Studio Solution File, Format Version 12.00
# Visual Studio Version 17
VisualStudioVersion = 17.3.32901.215
MinimumVisualStudioVersion = 10.0.40219.1
Project("{FAE04EC0-301F-11D3-BF4B-00C04F79EFBC}") = "exe5", "exe5\exe5.csproj", "{22025347-9A0A-47E7-9595-AD903B64D012}"
EndProject
Global
	GlobalSection(SolutionConfigurationPlatforms) = preSolution
		Debug|Any CPU = Debug|Any CPU
		Release|Any CPU = Release|Any CPU
	EndGlobalSection
	GlobalSection(ProjectConfigurationPlatforms) = postSolution
		{22025347-9A0A-47E7-9595-AD903B64D012}.Debug|Any CPU.ActiveCfg = Debug|Any CPU
		{22025347-9A0A-47E7-9595-AD903B64D012}.Debug|Any CPU.Build.0 = Debug|Any CPU
		{22025347-9A0A-47E7-9595-AD903B64D012}.Release|Any CPU.ActiveCfg = Release|Any CPU
		{22025347-9A0A-47E7-9595-AD903B64D012}.Release|Any CPU.Build.0 = Release|Any CPU
	EndGlobalSection
	GlobalSection(SolutionProperties) = preSolution
		HideSolutionNode = FALSE
	EndGlobalSection
	GlobalSection(ExtensibilityGlobals) = postSolution
		SolutionGuid = {549FFB51-F357-4814-8CB5-0813C0EE9108}
	EndGlobalSection
EndGlobal
